
Microsoft Visual Studio Solution File, Format Version 12.00
# Visual Studio Version 16
VisualStudioVersion = 16.0.28803.202
MinimumVisualStudioVersion = 10.0.40219.1
Project("{FAE04EC0-301F-11D3-BF4B-00C04F79EFBC}") = "PizzaSlice", "PizzaSlice\PizzaSlice.csproj", "{A0B0338F-0204-4EBA-A0CB-CBB149A0D698}"
EndProject
Global
	GlobalSection(SolutionConfigurationPlatforms) = preSolution
		Debug|Any CPU = Debug|Any CPU
		Release|Any CPU = Release|Any CPU
	EndGlobalSection
	GlobalSection(ProjectConfigurationPlatforms) = postSolution
		{A0B0338F-0204-4EBA-A0CB-CBB149A0D698}.Debug|Any CPU.ActiveCfg = Debug|Any CPU
		{A0B0338F-0204-4EBA-A0CB-CBB149A0D698}.Debug|Any CPU.Build.0 = Debug|Any CPU
		{A0B0338F-0204-4EBA-A0CB-CBB149A0D698}.Release|Any CPU.ActiveCfg = Release|Any CPU
		{A0B0338F-0204-4EBA-A0CB-CBB149A0D698}.Release|Any CPU.Build.0 = Release|Any CPU
	EndGlobalSection
	GlobalSection(SolutionProperties) = preSolution
		HideSolutionNode = FALSE
	EndGlobalSection
	GlobalSection(ExtensibilityGlobals) = postSolution
		SolutionGuid = {77850776-0FBE-4E9E-B802-306DAB776D9B}
	EndGlobalSection
EndGlobal
